
Microsoft Visual Studio Solution File, Format Version 12.00
# Visual Studio Version 17
VisualStudioVersion = 17.3.32901.215
MinimumVisualStudioVersion = 10.0.40219.1
Project("{FAE04EC0-301F-11D3-BF4B-00C04F79EFBC}") = "oni-setup", "oni-setup\oni-setup.csproj", "{8698786E-BD6F-4253-A030-EC23B25F8A4B}"
EndProject
Global
	GlobalSection(SolutionConfigurationPlatforms) = preSolution
		Debug|Any CPU = Debug|Any CPU
		Release|Any CPU = Release|Any CPU
	EndGlobalSection
	GlobalSection(ProjectConfigurationPlatforms) = postSolution
		{8698786E-BD6F-4253-A030-EC23B25F8A4B}.Debug|Any CPU.ActiveCfg = Debug|Any CPU
		{8698786E-BD6F-4253-A030-EC23B25F8A4B}.Debug|Any CPU.Build.0 = Debug|Any CPU
		{8698786E-BD6F-4253-A030-EC23B25F8A4B}.Release|Any CPU.ActiveCfg = Release|Any CPU
		{8698786E-BD6F-4253-A030-EC23B25F8A4B}.Release|Any CPU.Build.0 = Release|Any CPU
	EndGlobalSection
	GlobalSection(SolutionProperties) = preSolution
		HideSolutionNode = FALSE
	EndGlobalSection
	GlobalSection(ExtensibilityGlobals) = postSolution
		SolutionGuid = {0A33A7E4-884C-4AF6-AA50-A618B7985CAF}
	EndGlobalSection
EndGlobal
